{
  "version": "3",
  "packages": {
    "specifiers": {
      "npm:@types/express@4": "npm:@types/express@4.17.21",
      "npm:express@4.18.2": "npm:express@4.18.2",
      "npm:mongoose@8.0.1": "npm:mongoose@8.0.1"
    },
    "npm": {
      "@mongodb-js/saslprep@1.1.1": {
        "integrity": "sha512-t7c5K033joZZMspnHg/gWPE4kandgc2OxE74aYOtGKfgB9VPuVJPix0H6fhmm2erj5PBJ21mqcx34lpIGtUCsQ==",
        "dependencies": {
          "sparse-bitfield": "sparse-bitfield@3.0.3"
        }
      },
      "@types/body-parser@1.19.4": {
        "integrity": "sha512-N7UDG0/xiPQa2D/XrVJXjkWbpqHCd2sBaB32ggRF2l83RhPfamgKGF8gwwqyksS95qUS5ZYF9aF+lLPRlwI2UA==",
        "dependencies": {
          "@types/connect": "@types/connect@3.4.37",
          "@types/node": "@types/node@18.16.19"
        }
      },
      "@types/connect@3.4.37": {
        "integrity": "sha512-zBUSRqkfZ59OcwXon4HVxhx5oWCJmc0OtBTK05M+p0dYjgN6iTwIL2T/WbsQZrEsdnwaF9cWQ+azOnpPvIqY3Q==",
        "dependencies": {
          "@types/node": "@types/node@18.16.19"
        }
      },
      "@types/express-serve-static-core@4.17.39": {
        "integrity": "sha512-BiEUfAiGCOllomsRAZOiMFP7LAnrifHpt56pc4Z7l9K6ACyN06Ns1JLMBxwkfLOjJRlSf06NwWsT7yzfpaVpyQ==",
        "dependencies": {
          "@types/node": "@types/node@18.16.19",
          "@types/qs": "@types/qs@6.9.9",
          "@types/range-parser": "@types/range-parser@1.2.6",
          "@types/send": "@types/send@0.17.3"
        }
      },
      "@types/express@4.17.21": {
        "integrity": "sha512-ejlPM315qwLpaQlQDTjPdsUFSc6ZsP4AN6AlWnogPjQ7CVi7PYF3YVz+CY3jE2pwYf7E/7HlDAN0rV2GxTG0HQ==",
        "dependencies": {
          "@types/body-parser": "@types/body-parser@1.19.4",
          "@types/express-serve-static-core": "@types/express-serve-static-core@4.17.39",
          "@types/qs": "@types/qs@6.9.9",
          "@types/serve-static": "@types/serve-static@1.15.4"
        }
      },
      "@types/http-errors@2.0.3": {
        "integrity": "sha512-pP0P/9BnCj1OVvQR2lF41EkDG/lWWnDyA203b/4Fmi2eTyORnBtcDoKDwjWQthELrBvWkMOrvSOnZ8OVlW6tXA==",
        "dependencies": {}
      },
      "@types/mime@1.3.4": {
        "integrity": "sha512-1Gjee59G25MrQGk8bsNvC6fxNiRgUlGn2wlhGf95a59DrprnnHk80FIMMFG9XHMdrfsuA119ht06QPDXA1Z7tw==",
        "dependencies": {}
      },
      "@types/mime@3.0.3": {
        "integrity": "sha512-i8MBln35l856k5iOhKk2XJ4SeAWg75mLIpZB4v6imOagKL6twsukBZGDMNhdOVk7yRFTMPpfILocMos59Q1otQ==",
        "dependencies": {}
      },
      "@types/node@18.16.19": {
        "integrity": "sha512-IXl7o+R9iti9eBW4Wg2hx1xQDig183jj7YLn8F7udNceyfkbn1ZxmzZXuak20gR40D7pIkIY1kYGx5VIGbaHKA==",
        "dependencies": {}
      },
      "@types/qs@6.9.9": {
        "integrity": "sha512-wYLxw35euwqGvTDx6zfY1vokBFnsK0HNrzc6xNHchxfO2hpuRg74GbkEW7e3sSmPvj0TjCDT1VCa6OtHXnubsg==",
        "dependencies": {}
      },
      "@types/range-parser@1.2.6": {
        "integrity": "sha512-+0autS93xyXizIYiyL02FCY8N+KkKPhILhcUSA276HxzreZ16kl+cmwvV2qAM/PuCCwPXzOXOWhiPcw20uSFcA==",
        "dependencies": {}
      },
      "@types/send@0.17.3": {
        "integrity": "sha512-/7fKxvKUoETxjFUsuFlPB9YndePpxxRAOfGC/yJdc9kTjTeP5kRCTzfnE8kPUKCeyiyIZu0YQ76s50hCedI1ug==",
        "dependencies": {
          "@types/mime": "@types/mime@1.3.4",
          "@types/node": "@types/node@18.16.19"
        }
      },
      "@types/serve-static@1.15.4": {
        "integrity": "sha512-aqqNfs1XTF0HDrFdlY//+SGUxmdSUbjeRXb5iaZc3x0/vMbYmdw9qvOgHWOyyLFxSSRnUuP5+724zBgfw8/WAw==",
        "dependencies": {
          "@types/http-errors": "@types/http-errors@2.0.3",
          "@types/mime": "@types/mime@3.0.3",
          "@types/node": "@types/node@18.16.19"
        }
      },
      "@types/webidl-conversions@7.0.3": {
        "integrity": "sha512-CiJJvcRtIgzadHCYXw7dqEnMNRjhGZlYK05Mj9OyktqV8uVT8fD2BFOB7S1uwBE3Kj2Z+4UyPmFw/Ixgw/LAlA==",
        "dependencies": {}
      },
      "@types/whatwg-url@8.2.2": {
        "integrity": "sha512-FtQu10RWgn3D9U4aazdwIE2yzphmTJREDqNdODHrbrZmmMqI0vMheC/6NE/J1Yveaj8H+ela+YwWTjq5PGmuhA==",
        "dependencies": {
          "@types/node": "@types/node@18.16.19",
          "@types/webidl-conversions": "@types/webidl-conversions@7.0.3"
        }
      },
      "accepts@1.3.8": {
        "integrity": "sha512-PYAthTa2m2VKxuvSD3DPC/Gy+U+sOA1LAuT8mkmRuvw+NACSaeXEQ+NHcVF7rONl6qcaxV3Uuemwawk+7+SJLw==",
        "dependencies": {
          "mime-types": "mime-types@2.1.35",
          "negotiator": "negotiator@0.6.3"
        }
      },
      "array-flatten@1.1.1": {
        "integrity": "sha512-PCVAQswWemu6UdxsDFFX/+gVeYqKAod3D3UVm91jHwynguOwAvYPhx8nNlM++NqRcK6CxxpUafjmhIdKiHibqg==",
        "dependencies": {}
      },
      "body-parser@1.20.1": {
        "integrity": "sha512-jWi7abTbYwajOytWCQc37VulmWiRae5RyTpaCyDcS5/lMdtwSz5lOpDE67srw/HYe35f1z3fDQw+3txg7gNtWw==",
        "dependencies": {
          "bytes": "bytes@3.1.2",
          "content-type": "content-type@1.0.5",
          "debug": "debug@2.6.9",
          "depd": "depd@2.0.0",
          "destroy": "destroy@1.2.0",
          "http-errors": "http-errors@2.0.0",
          "iconv-lite": "iconv-lite@0.4.24",
          "on-finished": "on-finished@2.4.1",
          "qs": "qs@6.11.0",
          "raw-body": "raw-body@2.5.1",
          "type-is": "type-is@1.6.18",
          "unpipe": "unpipe@1.0.0"
        }
      },
      "bson@6.2.0": {
        "integrity": "sha512-ID1cI+7bazPDyL9wYy9GaQ8gEEohWvcUl/Yf0dIdutJxnmInEEyCsb4awy/OiBfall7zBA179Pahi3vCdFze3Q==",
        "dependencies": {}
      },
      "bytes@3.1.2": {
        "integrity": "sha512-/Nf7TyzTx6S3yRJObOAV7956r8cr2+Oj8AC5dt8wSP3BQAoeX58NoHyCU8P8zGkNXStjTSi6fzO6F0pBdcYbEg==",
        "dependencies": {}
      },
      "call-bind@1.0.5": {
        "integrity": "sha512-C3nQxfFZxFRVoJoGKKI8y3MOEo129NQ+FgQ08iye+Mk4zNZZGdjfs06bVTr+DBSlA66Q2VEcMki/cUCP4SercQ==",
        "dependencies": {
          "function-bind": "function-bind@1.1.2",
          "get-intrinsic": "get-intrinsic@1.2.2",
          "set-function-length": "set-function-length@1.1.1"
        }
      },
      "content-disposition@0.5.4": {
        "integrity": "sha512-FveZTNuGw04cxlAiWbzi6zTAL/lhehaWbTtgluJh4/E95DqMwTmha3KZN1aAWA8cFIhHzMZUvLevkw5Rqk+tSQ==",
        "dependencies": {
          "safe-buffer": "safe-buffer@5.2.1"
        }
      },
      "content-type@1.0.5": {
        "integrity": "sha512-nTjqfcBFEipKdXCv4YDQWCfmcLZKm81ldF0pAopTvyrFGVbcR6P/VAAd5G7N+0tTr8QqiU0tFadD6FK4NtJwOA==",
        "dependencies": {}
      },
      "cookie-signature@1.0.6": {
        "integrity": "sha512-QADzlaHc8icV8I7vbaJXJwod9HWYp8uCqf1xa4OfNu1T7JVxQIrUgOWtHdNDtPiywmFbiS12VjotIXLrKM3orQ==",
        "dependencies": {}
      },
      "cookie@0.5.0": {
        "integrity": "sha512-YZ3GUyn/o8gfKJlnlX7g7xq4gyO6OSuhGPKaaGssGB2qgDUS0gPgtTvoyZLTt9Ab6dC4hfc9dV5arkvc/OCmrw==",
        "dependencies": {}
      },
      "debug@2.6.9": {
        "integrity": "sha512-bC7ElrdJaJnPbAP+1EotYvqZsb3ecl5wi6Bfi6BJTUcNowp6cvspg0jXznRTKDjm/E7AdgFBVeAPVMNcKGsHMA==",
        "dependencies": {
          "ms": "ms@2.0.0"
        }
      },
      "debug@4.3.4": {
        "integrity": "sha512-PRWFHuSU3eDtQJPvnNY7Jcket1j0t5OuOsFzPPzsekD52Zl8qUfFIPEiswXqIvHWGVHOgX+7G/vCNNhehwxfkQ==",
        "dependencies": {
          "ms": "ms@2.1.2"
        }
      },
      "define-data-property@1.1.1": {
        "integrity": "sha512-E7uGkTzkk1d0ByLeSc6ZsFS79Axg+m1P/VsgYsxHgiuc3tFSj+MjMIwe90FC4lOAZzNBdY7kkO2P2wKdsQ1vgQ==",
        "dependencies": {
          "get-intrinsic": "get-intrinsic@1.2.2",
          "gopd": "gopd@1.0.1",
          "has-property-descriptors": "has-property-descriptors@1.0.1"
        }
      },
      "depd@2.0.0": {
        "integrity": "sha512-g7nH6P6dyDioJogAAGprGpCtVImJhpPk/roCzdb3fIh61/s/nPsfR6onyMwkCAR/OlC3yBC0lESvUoQEAssIrw==",
        "dependencies": {}
      },
      "destroy@1.2.0": {
        "integrity": "sha512-2sJGJTaXIIaR1w4iJSNoN0hnMY7Gpc/n8D4qSCJw8QqFWXf7cuAgnEHxBpweaVcPevC2l3KpjYCx3NypQQgaJg==",
        "dependencies": {}
      },
      "ee-first@1.1.1": {
        "integrity": "sha512-WMwm9LhRUo+WUaRN+vRuETqG89IgZphVSNkdFgeb6sS/E4OrDIN7t48CAewSHXc6C8lefD8KKfr5vY61brQlow==",
        "dependencies": {}
      },
      "encodeurl@1.0.2": {
        "integrity": "sha512-TPJXq8JqFaVYm2CWmPvnP2Iyo4ZSM7/QKcSmuMLDObfpH5fi7RUGmd/rTDf+rut/saiDiQEeVTNgAmJEdAOx0w==",
        "dependencies": {}
      },
      "escape-html@1.0.3": {
        "integrity": "sha512-NiSupZ4OeuGwr68lGIeym/ksIZMJodUGOSCZ/FSnTxcrekbvqrgdUxlJOMpijaKZVjAJrWrGs/6Jy8OMuyj9ow==",
        "dependencies": {}
      },
      "etag@1.8.1": {
        "integrity": "sha512-aIL5Fx7mawVa300al2BnEE4iNvo1qETxLrPI/o05L7z6go7fCw1J6EQmbK4FmJ2AS7kgVF/KEZWufBfdClMcPg==",
        "dependencies": {}
      },
      "express@4.18.2": {
        "integrity": "sha512-5/PsL6iGPdfQ/lKM1UuielYgv3BUoJfz1aUwU9vHZ+J7gyvwdQXFEBIEIaxeGf0GIcreATNyBExtalisDbuMqQ==",
        "dependencies": {
          "accepts": "accepts@1.3.8",
          "array-flatten": "array-flatten@1.1.1",
          "body-parser": "body-parser@1.20.1",
          "content-disposition": "content-disposition@0.5.4",
          "content-type": "content-type@1.0.5",
          "cookie": "cookie@0.5.0",
          "cookie-signature": "cookie-signature@1.0.6",
          "debug": "debug@2.6.9",
          "depd": "depd@2.0.0",
          "encodeurl": "encodeurl@1.0.2",
          "escape-html": "escape-html@1.0.3",
          "etag": "etag@1.8.1",
          "finalhandler": "finalhandler@1.2.0",
          "fresh": "fresh@0.5.2",
          "http-errors": "http-errors@2.0.0",
          "merge-descriptors": "merge-descriptors@1.0.1",
          "methods": "methods@1.1.2",
          "on-finished": "on-finished@2.4.1",
          "parseurl": "parseurl@1.3.3",
          "path-to-regexp": "path-to-regexp@0.1.7",
          "proxy-addr": "proxy-addr@2.0.7",
          "qs": "qs@6.11.0",
          "range-parser": "range-parser@1.2.1",
          "safe-buffer": "safe-buffer@5.2.1",
          "send": "send@0.18.0",
          "serve-static": "serve-static@1.15.0",
          "setprototypeof": "setprototypeof@1.2.0",
          "statuses": "statuses@2.0.1",
          "type-is": "type-is@1.6.18",
          "utils-merge": "utils-merge@1.0.1",
          "vary": "vary@1.1.2"
        }
      },
      "finalhandler@1.2.0": {
        "integrity": "sha512-5uXcUVftlQMFnWC9qu/svkWv3GTd2PfUhK/3PLkYNAe7FbqJMt3515HaxE6eRL74GdsriiwujiawdaB1BpEISg==",
        "dependencies": {
          "debug": "debug@2.6.9",
          "encodeurl": "encodeurl@1.0.2",
          "escape-html": "escape-html@1.0.3",
          "on-finished": "on-finished@2.4.1",
          "parseurl": "parseurl@1.3.3",
          "statuses": "statuses@2.0.1",
          "unpipe": "unpipe@1.0.0"
        }
      },
      "forwarded@0.2.0": {
        "integrity": "sha512-buRG0fpBtRHSTCOASe6hD258tEubFoRLb4ZNA6NxMVHNw2gOcwHo9wyablzMzOA5z9xA9L1KNjk/Nt6MT9aYow==",
        "dependencies": {}
      },
      "fresh@0.5.2": {
        "integrity": "sha512-zJ2mQYM18rEFOudeV4GShTGIQ7RbzA7ozbU9I/XBpm7kqgMywgmylMwXHxZJmkVoYkna9d2pVXVXPdYTP9ej8Q==",
        "dependencies": {}
      },
      "function-bind@1.1.2": {
        "integrity": "sha512-7XHNxH7qX9xG5mIwxkhumTox/MIRNcOgDrxWsMt2pAr23WHp6MrRlN7FBSFpCpr+oVO0F744iUgR82nJMfG2SA==",
        "dependencies": {}
      },
      "get-intrinsic@1.2.2": {
        "integrity": "sha512-0gSo4ml/0j98Y3lngkFEot/zhiCeWsbYIlZ+uZOVgzLyLaUw7wxUL+nCTP0XJvJg1AXulJRI3UJi8GsbDuxdGA==",
        "dependencies": {
          "function-bind": "function-bind@1.1.2",
          "has-proto": "has-proto@1.0.1",
          "has-symbols": "has-symbols@1.0.3",
          "hasown": "hasown@2.0.0"
        }
      },
      "gopd@1.0.1": {
        "integrity": "sha512-d65bNlIadxvpb/A2abVdlqKqV563juRnZ1Wtk6s1sIR8uNsXR70xqIzVqxVf1eTqDunwT2MkczEeaezCKTZhwA==",
        "dependencies": {
          "get-intrinsic": "get-intrinsic@1.2.2"
        }
      },
      "has-property-descriptors@1.0.1": {
        "integrity": "sha512-VsX8eaIewvas0xnvinAe9bw4WfIeODpGYikiWYLH+dma0Jw6KHYqWiWfhQlgOVK8D6PvjubK5Uc4P0iIhIcNVg==",
        "dependencies": {
          "get-intrinsic": "get-intrinsic@1.2.2"
        }
      },
      "has-proto@1.0.1": {
        "integrity": "sha512-7qE+iP+O+bgF9clE5+UoBFzE65mlBiVj3tKCrlNQ0Ogwm0BjpT/gK4SlLYDMybDh5I3TCTKnPPa0oMG7JDYrhg==",
        "dependencies": {}
      },
      "has-symbols@1.0.3": {
        "integrity": "sha512-l3LCuF6MgDNwTDKkdYGEihYjt5pRPbEg46rtlmnSPlUbgmB8LOIrKJbYYFBSbnPaJexMKtiPO8hmeRjRz2Td+A==",
        "dependencies": {}
      },
      "hasown@2.0.0": {
        "integrity": "sha512-vUptKVTpIJhcczKBbgnS+RtcuYMB8+oNzPK2/Hp3hanz8JmpATdmmgLgSaadVREkDm+e2giHwY3ZRkyjSIDDFA==",
        "dependencies": {
          "function-bind": "function-bind@1.1.2"
        }
      },
      "http-errors@2.0.0": {
        "integrity": "sha512-FtwrG/euBzaEjYeRqOgly7G0qviiXoJWnvEH2Z1plBdXgbyjv34pHTSb9zoeHMyDy33+DWy5Wt9Wo+TURtOYSQ==",
        "dependencies": {
          "depd": "depd@2.0.0",
          "inherits": "inherits@2.0.4",
          "setprototypeof": "setprototypeof@1.2.0",
          "statuses": "statuses@2.0.1",
          "toidentifier": "toidentifier@1.0.1"
        }
      },
      "iconv-lite@0.4.24": {
        "integrity": "sha512-v3MXnZAcvnywkTUEZomIActle7RXXeedOR31wwl7VlyoXO4Qi9arvSenNQWne1TcRwhCL1HwLI21bEqdpj8/rA==",
        "dependencies": {
          "safer-buffer": "safer-buffer@2.1.2"
        }
      },
      "inherits@2.0.4": {
        "integrity": "sha512-k/vGaX4/Yla3WzyMCvTQOXYeIHvqOKtnqBduzTHpzpQZzAskKMhZ2K+EnBiSM9zGSoIFeMpXKxa4dYeZIQqewQ==",
        "dependencies": {}
      },
      "ipaddr.js@1.9.1": {
        "integrity": "sha512-0KI/607xoxSToH7GjN1FfSbLoU0+btTicjsQSWQlh/hZykN8KpmMf7uYwPW3R+akZ6R/w18ZlXSHBYXiYUPO3g==",
        "dependencies": {}
      },
      "kareem@2.5.1": {
        "integrity": "sha512-7jFxRVm+jD+rkq3kY0iZDJfsO2/t4BBPeEb2qKn2lR/9KhuksYk5hxzfRYWMPV8P/x2d0kHD306YyWLzjjH+uA==",
        "dependencies": {}
      },
      "media-typer@0.3.0": {
        "integrity": "sha512-dq+qelQ9akHpcOl/gUVRTxVIOkAJ1wR3QAvb4RsVjS8oVoFjDGTc679wJYmUmknUF5HwMLOgb5O+a3KxfWapPQ==",
        "dependencies": {}
      },
      "memory-pager@1.5.0": {
        "integrity": "sha512-ZS4Bp4r/Zoeq6+NLJpP+0Zzm0pR8whtGPf1XExKLJBAczGMnSi3It14OiNCStjQjM6NU1okjQGSxgEZN8eBYKg==",
        "dependencies": {}
      },
      "merge-descriptors@1.0.1": {
        "integrity": "sha512-cCi6g3/Zr1iqQi6ySbseM1Xvooa98N0w31jzUYrXPX2xqObmFGHJ0tQ5u74H3mVh7wLouTseZyYIq39g8cNp1w==",
        "dependencies": {}
      },
      "methods@1.1.2": {
        "integrity": "sha512-iclAHeNqNm68zFtnZ0e+1L2yUIdvzNoauKU4WBA3VvH/vPFieF7qfRlwUZU+DA9P9bPXIS90ulxoUoCH23sV2w==",
        "dependencies": {}
      },
      "mime-db@1.52.0": {
        "integrity": "sha512-sPU4uV7dYlvtWJxwwxHD0PuihVNiE7TyAbQ5SWxDCB9mUYvOgroQOwYQQOKPJ8CIbE+1ETVlOoK1UC2nU3gYvg==",
        "dependencies": {}
      },
      "mime-types@2.1.35": {
        "integrity": "sha512-ZDY+bPm5zTTF+YpCrAU9nK0UgICYPT0QtT1NZWFv4s++TNkcgVaT0g6+4R2uI4MjQjzysHB1zxuWL50hzaeXiw==",
        "dependencies": {
          "mime-db": "mime-db@1.52.0"
        }
      },
      "mime@1.6.0": {
        "integrity": "sha512-x0Vn8spI+wuJ1O6S7gnbaQg8Pxh4NNHb7KSINmEWKiPE4RKOplvijn+NkmYmmRgP68mc70j2EbeTFRsrswaQeg==",
        "dependencies": {}
      },
      "mongodb-connection-string-url@2.6.0": {
        "integrity": "sha512-WvTZlI9ab0QYtTYnuMLgobULWhokRjtC7db9LtcVfJ+Hsnyr5eo6ZtNAt3Ly24XZScGMelOcGtm7lSn0332tPQ==",
        "dependencies": {
          "@types/whatwg-url": "@types/whatwg-url@8.2.2",
          "whatwg-url": "whatwg-url@11.0.0"
        }
      },
      "mongodb@6.2.0": {
        "integrity": "sha512-d7OSuGjGWDZ5usZPqfvb36laQ9CPhnWkAGHT61x5P95p/8nMVeH8asloMwW6GcYFeB0Vj4CB/1wOTDG2RA9BFA==",
        "dependencies": {
          "@mongodb-js/saslprep": "@mongodb-js/saslprep@1.1.1",
          "bson": "bson@6.2.0",
          "mongodb-connection-string-url": "mongodb-connection-string-url@2.6.0"
        }
      },
      "mongoose@8.0.1": {
        "integrity": "sha512-O3TJrtLCt4H1eGf2HoHGcnOcCTWloQkpmIP3hA9olybX3OX2KUjdIIq135HD5paGjZEDJYKn9fw4eH5N477zqQ==",
        "dependencies": {
          "bson": "bson@6.2.0",
          "kareem": "kareem@2.5.1",
          "mongodb": "mongodb@6.2.0",
          "mpath": "mpath@0.9.0",
          "mquery": "mquery@5.0.0",
          "ms": "ms@2.1.3",
          "sift": "sift@16.0.1"
        }
      },
      "mpath@0.9.0": {
        "integrity": "sha512-ikJRQTk8hw5DEoFVxHG1Gn9T/xcjtdnOKIU1JTmGjZZlg9LST2mBLmcX3/ICIbgJydT2GOc15RnNy5mHmzfSew==",
        "dependencies": {}
      },
      "mquery@5.0.0": {
        "integrity": "sha512-iQMncpmEK8R8ncT8HJGsGc9Dsp8xcgYMVSbs5jgnm1lFHTZqMJTUWTDx1LBO8+mK3tPNZWFLBghQEIOULSTHZg==",
        "dependencies": {
          "debug": "debug@4.3.4"
        }
      },
      "ms@2.0.0": {
        "integrity": "sha512-Tpp60P6IUJDTuOq/5Z8cdskzJujfwqfOTkrwIwj7IRISpnkJnT6SyJ4PCPnGMoFjC9ddhal5KVIYtAt97ix05A==",
        "dependencies": {}
      },
      "ms@2.1.2": {
        "integrity": "sha512-sGkPx+VjMtmA6MX27oA4FBFELFCZZ4S4XqeGOXCv68tT+jb3vk/RyaKWP0PTKyWtmLSM0b+adUTEvbs1PEaH2w==",
        "dependencies": {}
      },
      "ms@2.1.3": {
        "integrity": "sha512-6FlzubTLZG3J2a/NVCAleEhjzq5oxgHyaCU9yYXvcLsvoVaHJq/s5xXI6/XXP6tz7R9xAOtHnSO/tXtF3WRTlA==",
        "dependencies": {}
      },
      "negotiator@0.6.3": {
        "integrity": "sha512-+EUsqGPLsM+j/zdChZjsnX51g4XrHFOIXwfnCVPGlQk/k5giakcKsuxCObBRu6DSm9opw/O6slWbJdghQM4bBg==",
        "dependencies": {}
      },
      "object-inspect@1.13.1": {
        "integrity": "sha512-5qoj1RUiKOMsCCNLV1CBiPYE10sziTsnmNxkAI/rZhiD63CF7IqdFGC/XzjWjpSgLf0LxXX3bDFIh0E18f6UhQ==",
        "dependencies": {}
      },
      "on-finished@2.4.1": {
        "integrity": "sha512-oVlzkg3ENAhCk2zdv7IJwd/QUD4z2RxRwpkcGY8psCVcCYZNq4wYnVWALHM+brtuJjePWiYF/ClmuDr8Ch5+kg==",
        "dependencies": {
          "ee-first": "ee-first@1.1.1"
        }
      },
      "parseurl@1.3.3": {
        "integrity": "sha512-CiyeOxFT/JZyN5m0z9PfXw4SCBJ6Sygz1Dpl0wqjlhDEGGBP1GnsUVEL0p63hoG1fcj3fHynXi9NYO4nWOL+qQ==",
        "dependencies": {}
      },
      "path-to-regexp@0.1.7": {
        "integrity": "sha512-5DFkuoqlv1uYQKxy8omFBeJPQcdoE07Kv2sferDCrAq1ohOU+MSDswDIbnx3YAM60qIOnYa53wBhXW0EbMonrQ==",
        "dependencies": {}
      },
      "proxy-addr@2.0.7": {
        "integrity": "sha512-llQsMLSUDUPT44jdrU/O37qlnifitDP+ZwrmmZcoSKyLKvtZxpyV0n2/bD/N4tBAAZ/gJEdZU7KMraoK1+XYAg==",
        "dependencies": {
          "forwarded": "forwarded@0.2.0",
          "ipaddr.js": "ipaddr.js@1.9.1"
        }
      },
      "punycode@2.3.1": {
        "integrity": "sha512-vYt7UD1U9Wg6138shLtLOvdAu+8DsC/ilFtEVHcH+wydcSpNE20AfSOduf6MkRFahL5FY7X1oU7nKVZFtfq8Fg==",
        "dependencies": {}
      },
      "qs@6.11.0": {
        "integrity": "sha512-MvjoMCJwEarSbUYk5O+nmoSzSutSsTwF85zcHPQ9OrlFoZOYIjaqBAJIqIXjptyD5vThxGq52Xu/MaJzRkIk4Q==",
        "dependencies": {
          "side-channel": "side-channel@1.0.4"
        }
      },
      "range-parser@1.2.1": {
        "integrity": "sha512-Hrgsx+orqoygnmhFbKaHE6c296J+HTAQXoxEF6gNupROmmGJRoyzfG3ccAveqCBrwr/2yxQ5BVd/GTl5agOwSg==",
        "dependencies": {}
      },
      "raw-body@2.5.1": {
        "integrity": "sha512-qqJBtEyVgS0ZmPGdCFPWJ3FreoqvG4MVQln/kCgF7Olq95IbOp0/BWyMwbdtn4VTvkM8Y7khCQ2Xgk/tcrCXig==",
        "dependencies": {
          "bytes": "bytes@3.1.2",
          "http-errors": "http-errors@2.0.0",
          "iconv-lite": "iconv-lite@0.4.24",
          "unpipe": "unpipe@1.0.0"
        }
      },
      "safe-buffer@5.2.1": {
        "integrity": "sha512-rp3So07KcdmmKbGvgaNxQSJr7bGVSVk5S9Eq1F+ppbRo70+YeaDxkw5Dd8NPN+GD6bjnYm2VuPuCXmpuYvmCXQ==",
        "dependencies": {}
      },
      "safer-buffer@2.1.2": {
        "integrity": "sha512-YZo3K82SD7Riyi0E1EQPojLz7kpepnSQI9IyPbHHg1XXXevb5dJI7tpyN2ADxGcQbHG7vcyRHk0cbwqcQriUtg==",
        "dependencies": {}
      },
      "send@0.18.0": {
        "integrity": "sha512-qqWzuOjSFOuqPjFe4NOsMLafToQQwBSOEpS+FwEt3A2V3vKubTquT3vmLTQpFgMXp8AlFWFuP1qKaJZOtPpVXg==",
        "dependencies": {
          "debug": "debug@2.6.9",
          "depd": "depd@2.0.0",
          "destroy": "destroy@1.2.0",
          "encodeurl": "encodeurl@1.0.2",
          "escape-html": "escape-html@1.0.3",
          "etag": "etag@1.8.1",
          "fresh": "fresh@0.5.2",
          "http-errors": "http-errors@2.0.0",
          "mime": "mime@1.6.0",
          "ms": "ms@2.1.3",
          "on-finished": "on-finished@2.4.1",
          "range-parser": "range-parser@1.2.1",
          "statuses": "statuses@2.0.1"
        }
      },
      "serve-static@1.15.0": {
        "integrity": "sha512-XGuRDNjXUijsUL0vl6nSD7cwURuzEgglbOaFuZM9g3kwDXOWVTck0jLzjPzGD+TazWbboZYu52/9/XPdUgne9g==",
        "dependencies": {
          "encodeurl": "encodeurl@1.0.2",
          "escape-html": "escape-html@1.0.3",
          "parseurl": "parseurl@1.3.3",
          "send": "send@0.18.0"
        }
      },
      "set-function-length@1.1.1": {
        "integrity": "sha512-VoaqjbBJKiWtg4yRcKBQ7g7wnGnLV3M8oLvVWwOk2PdYY6PEFegR1vezXR0tw6fZGF9csVakIRjrJiy2veSBFQ==",
        "dependencies": {
          "define-data-property": "define-data-property@1.1.1",
          "get-intrinsic": "get-intrinsic@1.2.2",
          "gopd": "gopd@1.0.1",
          "has-property-descriptors": "has-property-descriptors@1.0.1"
        }
      },
      "setprototypeof@1.2.0": {
        "integrity": "sha512-E5LDX7Wrp85Kil5bhZv46j8jOeboKq5JMmYM3gVGdGH8xFpPWXUMsNrlODCrkoxMEeNi/XZIwuRvY4XNwYMJpw==",
        "dependencies": {}
      },
      "side-channel@1.0.4": {
        "integrity": "sha512-q5XPytqFEIKHkGdiMIrY10mvLRvnQh42/+GoBlFW3b2LXLE2xxJpZFdm94we0BaoV3RwJyGqg5wS7epxTv0Zvw==",
        "dependencies": {
          "call-bind": "call-bind@1.0.5",
          "get-intrinsic": "get-intrinsic@1.2.2",
          "object-inspect": "object-inspect@1.13.1"
        }
      },
      "sift@16.0.1": {
        "integrity": "sha512-Wv6BjQ5zbhW7VFefWusVP33T/EM0vYikCaQ2qR8yULbsilAT8/wQaXvuQ3ptGLpoKx+lihJE3y2UTgKDyyNHZQ==",
        "dependencies": {}
      },
      "sparse-bitfield@3.0.3": {
        "integrity": "sha512-kvzhi7vqKTfkh0PZU+2D2PIllw2ymqJKujUcyPMd9Y75Nv4nPbGJZXNhxsgdQab2BmlDct1YnfQCguEvHr7VsQ==",
        "dependencies": {
          "memory-pager": "memory-pager@1.5.0"
        }
      },
      "statuses@2.0.1": {
        "integrity": "sha512-RwNA9Z/7PrK06rYLIzFMlaF+l73iwpzsqRIFgbMLbTcLD6cOao82TaWefPXQvB2fOC4AjuYSEndS7N/mTCbkdQ==",
        "dependencies": {}
      },
      "toidentifier@1.0.1": {
        "integrity": "sha512-o5sSPKEkg/DIQNmH43V0/uerLrpzVedkUh8tGNvaeXpfpuwjKenlSox/2O/BTlZUtEe+JG7s5YhEz608PlAHRA==",
        "dependencies": {}
      },
      "tr46@3.0.0": {
        "integrity": "sha512-l7FvfAHlcmulp8kr+flpQZmVwtu7nfRV7NZujtN0OqES8EL4O4e0qqzL0DC5gAvx/ZC/9lk6rhcUwYvkBnBnYA==",
        "dependencies": {
          "punycode": "punycode@2.3.1"
        }
      },
      "type-is@1.6.18": {
        "integrity": "sha512-TkRKr9sUTxEH8MdfuCSP7VizJyzRNMjj2J2do2Jr3Kym598JVdEksuzPQCnlFPW4ky9Q+iA+ma9BGm06XQBy8g==",
        "dependencies": {
          "media-typer": "media-typer@0.3.0",
          "mime-types": "mime-types@2.1.35"
        }
      },
      "unpipe@1.0.0": {
        "integrity": "sha512-pjy2bYhSsufwWlKwPc+l3cN7+wuJlK6uz0YdJEOlQDbl6jo/YlPi4mb8agUkVC8BF7V8NuzeyPNqRksA3hztKQ==",
        "dependencies": {}
      },
      "utils-merge@1.0.1": {
        "integrity": "sha512-pMZTvIkT1d+TFGvDOqodOclx0QWkkgi6Tdoa8gC8ffGAAqz9pzPTZWAybbsHHoED/ztMtkv/VoYTYyShUn81hA==",
        "dependencies": {}
      },
      "vary@1.1.2": {
        "integrity": "sha512-BNGbWLfd0eUPabhkXUVm0j8uuvREyTh5ovRa/dyow/BqAbZJyC+5fU+IzQOzmAKzYqYRAISoRhdQr3eIZ/PXqg==",
        "dependencies": {}
      },
      "webidl-conversions@7.0.0": {
        "integrity": "sha512-VwddBukDzu71offAQR975unBIGqfKZpM+8ZX6ySk8nYhVoo5CYaZyzt3YBvYtRtO+aoGlqxPg/B87NGVZ/fu6g==",
        "dependencies": {}
      },
      "whatwg-url@11.0.0": {
        "integrity": "sha512-RKT8HExMpoYx4igMiVMY83lN6UeITKJlBQ+vR/8ZJ8OCdSiN3RwCq+9gH0+Xzj0+5IrM6i4j/6LuvzbZIQgEcQ==",
        "dependencies": {
          "tr46": "tr46@3.0.0",
          "webidl-conversions": "webidl-conversions@7.0.0"
        }
      }
    }
  },
  "remote": {}
}
